
Microsoft Visual Studio Solution File, Format Version 12.00
# Visual Studio Version 16
VisualStudioVersion = 16.0.31911.196
MinimumVisualStudioVersion = 10.0.40219.1
Project("{888888A0-9F3D-457C-B088-3A5042F75D52}") = "area and surface area calculator", "area and surface area calculator\area and surface area calculator.pyproj", "{92452A67-8A2B-4DDE-A4DB-D0FD1D383E0B}"
EndProject
Global
	GlobalSection(SolutionConfigurationPlatforms) = preSolution
		Debug|Any CPU = Debug|Any CPU
		Release|Any CPU = Release|Any CPU
	EndGlobalSection
	GlobalSection(ProjectConfigurationPlatforms) = postSolution
		{92452A67-8A2B-4DDE-A4DB-D0FD1D383E0B}.Debug|Any CPU.ActiveCfg = Debug|Any CPU
		{92452A67-8A2B-4DDE-A4DB-D0FD1D383E0B}.Release|Any CPU.ActiveCfg = Release|Any CPU
	EndGlobalSection
	GlobalSection(SolutionProperties) = preSolution
		HideSolutionNode = FALSE
	EndGlobalSection
	GlobalSection(ExtensibilityGlobals) = postSolution
		SolutionGuid = {A8D7B432-DC08-4CE1-B368-DF9BAE41E613}
	EndGlobalSection
EndGlobal
